
Microsoft Visual Studio Solution File, Format Version 12.00
Project("{F2A71F9B-5D33-465A-A702-920D77279786}") = "fsharp", "fsharp\fsharp.fsproj", "{5706442F-AA49-469B-BCB7-B1A785574DE9}"
EndProject
Project("{F2A71F9B-5D33-465A-A702-920D77279786}") = "fsharp-tests", "fsharp-tests\fsharp-tests.fsproj", "{49DF0FF6-D684-4AD2-9124-B569ABE8A972}"
EndProject
Global
	GlobalSection(SolutionConfigurationPlatforms) = preSolution
		Debug|Any CPU = Debug|Any CPU
		Release|Any CPU = Release|Any CPU
	EndGlobalSection
	GlobalSection(ProjectConfigurationPlatforms) = postSolution
		{5706442F-AA49-469B-BCB7-B1A785574DE9}.Debug|Any CPU.ActiveCfg = Debug|Any CPU
		{5706442F-AA49-469B-BCB7-B1A785574DE9}.Debug|Any CPU.Build.0 = Debug|Any CPU
		{5706442F-AA49-469B-BCB7-B1A785574DE9}.Release|Any CPU.ActiveCfg = Release|Any CPU
		{5706442F-AA49-469B-BCB7-B1A785574DE9}.Release|Any CPU.Build.0 = Release|Any CPU
		{49DF0FF6-D684-4AD2-9124-B569ABE8A972}.Debug|Any CPU.ActiveCfg = Debug|Any CPU
		{49DF0FF6-D684-4AD2-9124-B569ABE8A972}.Debug|Any CPU.Build.0 = Debug|Any CPU
		{49DF0FF6-D684-4AD2-9124-B569ABE8A972}.Release|Any CPU.ActiveCfg = Release|Any CPU
		{49DF0FF6-D684-4AD2-9124-B569ABE8A972}.Release|Any CPU.Build.0 = Release|Any CPU
	EndGlobalSection
EndGlobal
